
Microsoft Visual Studio Solution File, Format Version 12.00
# Visual Studio Version 16
VisualStudioVersion = 16.0.29025.244
MinimumVisualStudioVersion = 10.0.40219.1
Project("{FAE04EC0-301F-11D3-BF4B-00C04F79EFBC}") = "CoinFlare", "CoinFlare\CoinFlare.csproj", "{90A17BE7-7C9E-4BCD-9EFD-D5C7864FA525}"
EndProject
Global
	GlobalSection(SolutionConfigurationPlatforms) = preSolution
		Debug|x64 = Debug|x64
		Release|x64 = Release|x64
	EndGlobalSection
	GlobalSection(ProjectConfigurationPlatforms) = postSolution
		{90A17BE7-7C9E-4BCD-9EFD-D5C7864FA525}.Debug|x64.ActiveCfg = Debug|x64
		{90A17BE7-7C9E-4BCD-9EFD-D5C7864FA525}.Debug|x64.Build.0 = Debug|x64
		{90A17BE7-7C9E-4BCD-9EFD-D5C7864FA525}.Release|x64.ActiveCfg = Release|x64
		{90A17BE7-7C9E-4BCD-9EFD-D5C7864FA525}.Release|x64.Build.0 = Release|x64
	EndGlobalSection
	GlobalSection(SolutionProperties) = preSolution
		HideSolutionNode = FALSE
	EndGlobalSection
	GlobalSection(ExtensibilityGlobals) = postSolution
		SolutionGuid = {289F463A-9BB6-45EE-AAC7-AD7B1D63BBF4}
	EndGlobalSection
EndGlobal
